// !$*UTF8*$!
{
	archiveVersion = 1;
	classes = {
	};
	objectVersion = 50;
	objects = {

/* Begin PBXBuildFile section */
		81C31EB321EDBF4F0039EEBA /* AppDelegate.swift in Sources */ = {isa = PBXBuildFile; fileRef = 81C31EB221EDBF4F0039EEBA /* AppDelegate.swift */; };
		81C31EB521EDBF4F0039EEBA /* ViewController.swift in Sources */ = {isa = PBXBuildFile; fileRef = 81C31EB421EDBF4F0039EEBA /* ViewController.swift */; };
		81C31EB821EDBF4F0039EEBA /* Main.storyboard in Resources */ = {isa = PBXBuildFile; fileRef = 81C31EB621EDBF4F0039EEBA /* Main.storyboard */; };
		81C31EBA21EDBF500039EEBA /* Assets.xcassets in Resources */ = {isa = PBXBuildFile; fileRef = 81C31EB921EDBF500039EEBA /* Assets.xcassets */; };
		81C31EBD21EDBF500039EEBA /* LaunchScreen.storyboard in Resources */ = {isa = PBXBuildFile; fileRef = 81C31EBB21EDBF500039EEBA /* LaunchScreen.storyboard */; };
		81C31EC521EDBFC80039EEBA /* CollectionViewController.swift in Sources */ = {isa = PBXBuildFile; fileRef = 81C31EC421EDBFC80039EEBA /* CollectionViewController.swift */; };
		81C31EC721EDBFD00039EEBA /* CollectionViewCell.swift in Sources */ = {isa = PBXBuildFile; fileRef = 81C31EC621EDBFD00039EEBA /* CollectionViewCell.swift */; };
		81C31EC921EDC0680039EEBA /* ImageModel.swift in Sources */ = {isa = PBXBuildFile; fileRef = 81C31EC821EDC0680039EEBA /* ImageModel.swift */; };
/* End PBXBuildFile section */

/* Begin PBXFileReference section */
		81C31EAF21EDBF4F0039EEBA /* DemoPhotoLibrary.app */ = {isa = PBXFileReference; explicitFileType = wrapper.application; includeInIndex = 0; path = DemoPhotoLibrary.app; sourceTree = BUILT_PRODUCTS_DIR; };
		81C31EB221EDBF4F0039EEBA /* AppDelegate.swift */ = {isa = PBXFileReference; lastKnownFileType = sourcecode.swift; path = AppDelegate.swift; sourceTree = "<group>"; };
		81C31EB421EDBF4F0039EEBA /* ViewController.swift */ = {isa = PBXFileReference; lastKnownFileType = sourcecode.swift; path = ViewController.swift; sourceTree = "<group>"; };
		81C31EB721EDBF4F0039EEBA /* Base */ = {isa = PBXFileReference; lastKnownFileType = file.storyboard; name = Base; path = Base.lproj/Main.storyboard; sourceTree = "<group>"; };
		81C31EB921EDBF500039EEBA /* Assets.xcassets */ = {isa = PBXFileReference; lastKnownFileType = folder.assetcatalog; path = Assets.xcassets; sourceTree = "<group>"; };
		81C31EBC21EDBF500039EEBA /* Base */ = {isa = PBXFileReference; lastKnownFileType = file.storyboard; name = Base; path = Base.lproj/LaunchScreen.storyboard; sourceTree = "<group>"; };
		81C31EBE21EDBF500039EEBA /* Info.plist */ = {isa = PBXFileReference; lastKnownFileType = text.plist.xml; path = Info.plist; sourceTree = "<group>"; };
		81C31EC421EDBFC80039EEBA /* CollectionViewController.swift */ = {isa = PBXFileReference; lastKnownFileType = sourcecode.swift; path = CollectionViewController.swift; sourceTree = "<group>"; };
		81C31EC621EDBFD00039EEBA /* CollectionViewCell.swift */ = {isa = PBXFileReference; lastKnownFileType = sourcecode.swift; path = CollectionViewCell.swift; sourceTree = "<group>"; };
		81C31EC821EDC0680039EEBA /* ImageModel.swift */ = {isa = PBXFileReference; lastKnownFileType = sourcecode.swift; path = ImageModel.swift; sourceTree = "<group>"; };
/* End PBXFileReference section */

/* Begin PBXFrameworksBuildPhase section */
		81C31EAC21EDBF4F0039EEBA /* Frameworks */ = {
			isa = PBXFrameworksBuildPhase;
			buildActionMask = 2147483647;
			files = (
			);
			runOnlyForDeploymentPostprocessing = 0;
		};
/* End PBXFrameworksBuildPhase section */

/* Begin PBXGroup section */
		81C31EA621EDBF4F0039EEBA = {
			isa = PBXGroup;
			children = (
				81C31EB121EDBF4F0039EEBA /* DemoPhotoLibrary */,
				81C31EB021EDBF4F0039EEBA /* Products */,
			);
			sourceTree = "<group>";
		};
		81C31EB021EDBF4F0039EEBA /* Products */ = {
			isa = PBXGroup;
			children = (
				81C31EAF21EDBF4F0039EEBA /* DemoPhotoLibrary.app */,
			);
			name = Products;
			sourceTree = "<group>";
		};
		81C31EB121EDBF4F0039EEBA /* DemoPhotoLibrary */ = {
			isa = PBXGroup;
			children = (
				81C31EB221EDBF4F0039EEBA /* AppDelegate.swift */,
				81C31EB421EDBF4F0039EEBA /* ViewController.swift */,
				81C31EC421EDBFC80039EEBA /* CollectionViewController.swift */,
				81C31EC621EDBFD00039EEBA /* CollectionViewCell.swift */,
				81C31EC821EDC0680039EEBA /* ImageModel.swift */,
				81C31EB621EDBF4F0039EEBA /* Main.storyboard */,
				81C31EB921EDBF500039EEBA /* Assets.xcassets */,
				81C31EBB21EDBF500039EEBA /* LaunchScreen.storyboard */,
				81C31EBE21EDBF500039EEBA /* Info.plist */,
			);
			path = DemoPhotoLibrary;
			sourceTree = "<group>";
		};
/* End PBXGroup section */

/* Begin PBXNativeTarget section */
		81C31EAE21EDBF4F0039EEBA /* DemoPhotoLibrary */ = {
			isa = PBXNativeTarget;
			buildConfigurationList = 81C31EC121EDBF500039EEBA /* Build configuration list for PBXNativeTarget "DemoPhotoLibrary" */;
			buildPhases = (
				81C31EAB21EDBF4F0039EEBA /* Sources */,
				81C31EAC21EDBF4F0039EEBA /* Frameworks */,
				81C31EAD21EDBF4F0039EEBA /* Resources */,
			);
			buildRules = (
			);
			dependencies = (
			);
			name = DemoPhotoLibrary;
			productName = DemoPhotoLibrary;
			productReference = 81C31EAF21EDBF4F0039EEBA /* DemoPhotoLibrary.app */;
			productType = "com.apple.product-type.application";
		};
/* End PBXNativeTarget section */

/* Begin PBXProject section */
		81C31EA721EDBF4F0039EEBA /* Project object */ = {
			isa = PBXProject;
			attributes = {
				LastSwiftUpdateCheck = 1000;
				LastUpgradeCheck = 1000;
				ORGANIZATIONNAME = huy;
				TargetAttributes = {
					81C31EAE21EDBF4F0039EEBA = {
						CreatedOnToolsVersion = 10.0;
					};
				};
			};
			buildConfigurationList = 81C31EAA21EDBF4F0039EEBA /* Build configuration list for PBXProject "DemoPhotoLibrary" */;
			compatibilityVersion = "Xcode 9.3";
			developmentRegion = en;
			hasScannedForEncodings = 0;
			knownRegions = (
				en,
				Base,
			);
			mainGroup = 81C31EA621EDBF4F0039EEBA;
			productRefGroup = 81C31EB021EDBF4F0039EEBA /* Products */;
			projectDirPath = "";
			projectRoot = "";
			targets = (
				81C31EAE21EDBF4F0039EEBA /* DemoPhotoLibrary */,
			);
		};
/* End PBXProject section */

/* Begin PBXResourcesBuildPhase section */
		81C31EAD21EDBF4F0039EEBA /* Resources */ = {
			isa = PBXResourcesBuildPhase;
			buildActionMask = 2147483647;
			files = (
				81C31EBD21EDBF500039EEBA /* LaunchScreen.storyboard in Resources */,
				81C31EBA21EDBF500039EEBA /* Assets.xcassets in Resources */,
				81C31EB821EDBF4F0039EEBA /* Main.storyboard in Resources */,
			);
			runOnlyForDeploymentPostprocessing = 0;
		};
/* End PBXResourcesBuildPhase section */

/* Begin PBXSourcesBuildPhase section */
		81C31EAB21EDBF4F0039EEBA /* Sources */ = {
			isa = PBXSourcesBuildPhase;
			buildActionMask = 2147483647;
			files = (
				81C31EC521EDBFC80039EEBA /* CollectionViewController.swift in Sources */,
				81C31EC921EDC0680039EEBA /* ImageModel.swift in Sources */,
				81C31EB521EDBF4F0039EEBA /* ViewController.swift in Sources */,
				81C31EC721EDBFD00039EEBA /* CollectionViewCell.swift in Sources */,
				81C31EB321EDBF4F0039EEBA /* AppDelegate.swift in Sources */,
			);
			runOnlyForDeploymentPostprocessing = 0;
		};
/* End PBXSourcesBuildPhase section */

/* Begin PBXVariantGroup section */
		81C31EB621EDBF4F0039EEBA /* Main.storyboard */ = {
			isa = PBXVariantGroup;
			children = (
				81C31EB721EDBF4F0039EEBA /* Base */,
			);
			name = Main.storyboard;
			sourceTree = "<group>";
		};
		81C31EBB21EDBF500039EEBA /* LaunchScreen.storyboard */ = {
			isa = PBXVariantGroup;
			children = (
				81C31EBC21EDBF500039EEBA /* Base */,
			);
			name = LaunchScreen.storyboard;
			sourceTree = "<group>";
		};
/* End PBXVariantGroup section */

/* Begin XCBuildConfiguration section */
		81C31EBF21EDBF500039EEBA /* Debug */ = {
			isa = XCBuildConfiguration;
			buildSettings = {
				ALWAYS_SEARCH_USER_PATHS = NO;
				CLANG_ANALYZER_NONNULL = YES;
				CLANG_ANALYZER_NUMBER_OBJECT_CONVERSION = YES_AGGRESSIVE;
				CLANG_CXX_LANGUAGE_STANDARD = "gnu++14";
				CLANG_CXX_LIBRARY = "libc++";
				CLANG_ENABLE_MODULES = YES;
				CLANG_ENABLE_OBJC_ARC = YES;
				CLANG_ENABLE_OBJC_WEAK = YES;
				CLANG_WARN_BLOCK_CAPTURE_AUTORELEASING = YES;
				CLANG_WARN_BOOL_CONVERSION = YES;
				CLANG_WARN_COMMA = YES;
				CLANG_WARN_CONSTANT_CONVERSION = YES;
				CLANG_WARN_DEPRECATED_OBJC_IMPLEMENTATIONS = YES;
				CLANG_WARN_DIRECT_OBJC_ISA_USAGE = YES_ERROR;
				CLANG_WARN_DOCUMENTATION_COMMENTS = YES;
				CLANG_WARN_EMPTY_BODY = YES;
				CLANG_WARN_ENUM_CONVERSION = YES;
				CLANG_WARN_INFINITE_RECURSION = YES;
				CLANG_WARN_INT_CONVERSION = YES;
				CLANG_WARN_NON_LITERAL_NULL_CONVERSION = YES;
				CLANG_WARN_OBJC_IMPLICIT_RETAIN_SELF = YES;
				CLANG_WARN_OBJC_LITERAL_CONVERSION = YES;
				CLANG_WARN_OBJC_ROOT_CLASS = YES_ERROR;
				CLANG_WARN_RANGE_LOOP_ANALYSIS = YES;
				CLANG_WARN_STRICT_PROTOTYPES = YES;
				CLANG_WARN_SUSPICIOUS_MOVE = YES;
				CLANG_WARN_UNGUARDED_AVAILABILITY = YES_AGGRESSIVE;
				CLANG_WARN_UNREACHABLE_CODE = YES;
				CLANG_WARN__DUPLICATE_METHOD_MATCH = YES;
				CODE_SIGN_IDENTITY = "iPhone Developer";
				COPY_PHASE_STRIP = NO;
				DEBUG_INFORMATION_FORMAT = dwarf;
				ENABLE_STRICT_OBJC_MSGSEND = YES;
				ENABLE_TESTABILITY = YES;
				GCC_C_LANGUAGE_STANDARD = gnu11;
				GCC_DYNAMIC_NO_PIC = NO;
				GCC_NO_COMMON_BLOCKS = YES;
				GCC_OPTIMIZATION_LEVEL = 0;
				GCC_PREPROCESSOR_DEFINITIONS = (
					"DEBUG=1",
					"$(inherited)",
				);
				GCC_WARN_64_TO_32_BIT_CONVERSION = YES;
				GCC_WARN_ABOUT_RETURN_TYPE = YES_ERROR;
				GCC_WARN_UNDECLARED_SELECTOR = YES;
				GCC_WARN_UNINITIALIZED_AUTOS = YES_AGGRESSIVE;
				GCC_WARN_UNUSED_FUNCTION = YES;
				GCC_WARN_UNUSED_VARIABLE = YES;
				IPHONEOS_DEPLOYMENT_TARGET = 12.0;
				MTL_ENABLE_DEBUG_INFO = INCLUDE_SOURCE;
				MTL_FAST_MATH = YES;
				ONLY_ACTIVE_ARCH = YES;
				SDKROOT = iphoneos;
				SWIFT_ACTIVE_COMPILATION_CONDITIONS = DEBUG;
				SWIFT_OPTIMIZATION_LEVEL = "-Onone";
			};
			name = Debug;
		};
		81C31EC021EDBF500039EEBA /* Release */ = {
			isa = XCBuildConfiguration;
			buildSettings = {
				ALWAYS_SEARCH_USER_PATHS = NO;
				CLANG_ANALYZER_NONNULL = YES;
				CLANG_ANALYZER_NUMBER_OBJECT_CONVERSION = YES_AGGRESSIVE;
				CLANG_CXX_LANGUAGE_STANDARD = "gnu++14";
				CLANG_CXX_LIBRARY = "libc++";
				CLANG_ENABLE_MODULES = YES;
				CLANG_ENABLE_OBJC_ARC = YES;
				CLANG_ENABLE_OBJC_WEAK = YES;
				CLANG_WARN_BLOCK_CAPTURE_AUTORELEASING = YES;
				CLANG_WARN_BOOL_CONVERSION = YES;
				CLANG_WARN_COMMA = YES;
				CLANG_WARN_CONSTANT_CONVERSION = YES;
				CLANG_WARN_DEPRECATED_OBJC_IMPLEMENTATIONS = YES;
				CLANG_WARN_DIRECT_OBJC_ISA_USAGE = YES_ERROR;
				CLANG_WARN_DOCUMENTATION_COMMENTS = YES;
				CLANG_WARN_EMPTY_BODY = YES;
				CLANG_WARN_ENUM_CONVERSION = YES;
				CLANG_WARN_INFINITE_RECURSION = YES;
				CLANG_WARN_INT_CONVERSION = YES;
				CLANG_WARN_NON_LITERAL_NULL_CONVERSION = YES;
				CLANG_WARN_OBJC_IMPLICIT_RETAIN_SELF = YES;
				CLANG_WARN_OBJC_LITERAL_CONVERSION = YES;
				CLANG_WARN_OBJC_ROOT_CLASS = YES_ERROR;
				CLANG_WARN_RANGE_LOOP_ANALYSIS = YES;
				CLANG_WARN_STRICT_PROTOTYPES = YES;
				CLANG_WARN_SUSPICIOUS_MOVE = YES;
				CLANG_WARN_UNGUARDED_AVAILABILITY = YES_AGGRESSIVE;
				CLANG_WARN_UNREACHABLE_CODE = YES;
				CLANG_WARN__DUPLICATE_METHOD_MATCH = YES;
				CODE_SIGN_IDENTITY = "iPhone Developer";
				COPY_PHASE_STRIP = NO;
				DEBUG_INFORMATION_FORMAT = "dwarf-with-dsym";
				ENABLE_NS_ASSERTIONS = NO;
				ENABLE_STRICT_OBJC_MSGSEND = YES;
				GCC_C_LANGUAGE_STANDARD = gnu11;
				GCC_NO_COMMON_BLOCKS = YES;
				GCC_WARN_64_TO_32_BIT_CONVERSION = YES;
				GCC_WARN_ABOUT_RETURN_TYPE = YES_ERROR;
				GCC_WARN_UNDECLARED_SELECTOR = YES;
				GCC_WARN_UNINITIALIZED_AUTOS = YES_AGGRESSIVE;
				GCC_WARN_UNUSED_FUNCTION = YES;
				GCC_WARN_UNUSED_VARIABLE = YES;
				IPHONEOS_DEPLOYMENT_TARGET = 12.0;
				MTL_ENABLE_DEBUG_INFO = NO;
				MTL_FAST_MATH = YES;
				SDKROOT = iphoneos;
				SWIFT_COMPILATION_MODE = wholemodule;
				SWIFT_OPTIMIZATION_LEVEL = "-O";
				VALIDATE_PRODUCT = YES;
			};
			name = Release;
		};
		81C31EC221EDBF500039EEBA /* Debug */ = {
			isa = XCBuildConfiguration;
			buildSettings = {
				ASSETCATALOG_COMPILER_APPICON_NAME = AppIcon;
				CODE_SIGN_STYLE = Automatic;
				INFOPLIST_FILE = DemoPhotoLibrary/Info.plist;
				IPHONEOS_DEPLOYMENT_TARGET = 10.0;
				LD_RUNPATH_SEARCH_PATHS = (
					"$(inherited)",
					"@executable_path/Frameworks",
				);
				PRODUCT_BUNDLE_IDENTIFIER = huy.DemoPhotoLibrary;
				PRODUCT_NAME = "$(TARGET_NAME)";
				SWIFT_VERSION = 4.2;
				TARGETED_DEVICE_FAMILY = "1,2";
			};
			name = Debug;
		};
		81C31EC321EDBF500039EEBA /* Release */ = {
			isa = XCBuildConfiguration;
			buildSettings = {
				ASSETCATALOG_COMPILER_APPICON_NAME = AppIcon;
				CODE_SIGN_STYLE = Automatic;
				INFOPLIST_FILE = DemoPhotoLibrary/Info.plist;
				IPHONEOS_DEPLOYMENT_TARGET = 10.0;
				LD_RUNPATH_SEARCH_PATHS = (
					"$(inherited)",
					"@executable_path/Frameworks",
				);
				PRODUCT_BUNDLE_IDENTIFIER = huy.DemoPhotoLibrary;
				PRODUCT_NAME = "$(TARGET_NAME)";
				SWIFT_VERSION = 4.2;
				TARGETED_DEVICE_FAMILY = "1,2";
			};
			name = Release;
		};
/* End XCBuildConfiguration section */

/* Begin XCConfigurationList section */
		81C31EAA21EDBF4F0039EEBA /* Build configuration list for PBXProject "DemoPhotoLibrary" */ = {
			isa = XCConfigurationList;
			buildConfigurations = (
				81C31EBF21EDBF500039EEBA /* Debug */,
				81C31EC021EDBF500039EEBA /* Release */,
			);
			defaultConfigurationIsVisible = 0;
			defaultConfigurationName = Release;
		};
		81C31EC121EDBF500039EEBA /* Build configuration list for PBXNativeTarget "DemoPhotoLibrary" */ = {
			isa = XCConfigurationList;
			buildConfigurations = (
				81C31EC221EDBF500039EEBA /* Debug */,
				81C31EC321EDBF500039EEBA /* Release */,
			);
			defaultConfigurationIsVisible = 0;
			defaultConfigurationName = Release;
		};
/* End XCConfigurationList section */
	};
	rootObject = 81C31EA721EDBF4F0039EEBA /* Project object */;
}
